// !$*UTF8*$!
{
	archiveVersion = 1;
	classes = {
	};
	objectVersion = 50;
	objects = {

/* Begin PBXBuildFile section */
		38A17F8E2654382800FE2972 /* AppDelegate.swift in Sources */ = {isa = PBXBuildFile; fileRef = 38A17F8D2654382800FE2972 /* AppDelegate.swift */; };
		38A17F902654382800FE2972 /* SceneDelegate.swift in Sources */ = {isa = PBXBuildFile; fileRef = 38A17F8F2654382800FE2972 /* SceneDelegate.swift */; };
		38A17F922654382800FE2972 /* ViewController.swift in Sources */ = {isa = PBXBuildFile; fileRef = 38A17F912654382800FE2972 /* ViewController.swift */; };
		38A17F952654382800FE2972 /* Main.storyboard in Resources */ = {isa = PBXBuildFile; fileRef = 38A17F932654382800FE2972 /* Main.storyboard */; };
		38A17F982654382800FE2972 /* ColeccionDeJuegos2.xcdatamodeld in Sources */ = {isa = PBXBuildFile; fileRef = 38A17F962654382800FE2972 /* ColeccionDeJuegos2.xcdatamodeld */; };
		38A17F9A2654382900FE2972 /* Assets.xcassets in Resources */ = {isa = PBXBuildFile; fileRef = 38A17F992654382900FE2972 /* Assets.xcassets */; };
		38A17F9D2654382900FE2972 /* LaunchScreen.storyboard in Resources */ = {isa = PBXBuildFile; fileRef = 38A17F9B2654382900FE2972 /* LaunchScreen.storyboard */; };
		38A17FA82654382A00FE2972 /* ColeccionDeJuegos2Tests.swift in Sources */ = {isa = PBXBuildFile; fileRef = 38A17FA72654382A00FE2972 /* ColeccionDeJuegos2Tests.swift */; };
		38A17FB32654382A00FE2972 /* ColeccionDeJuegos2UITests.swift in Sources */ = {isa = PBXBuildFile; fileRef = 38A17FB22654382A00FE2972 /* ColeccionDeJuegos2UITests.swift */; };
		38E1E46C26544586004F2DB3 /* JuegosViewController.swift in Sources */ = {isa = PBXBuildFile; fileRef = 38E1E46B26544586004F2DB3 /* JuegosViewController.swift */; };
/* End PBXBuildFile section */

/* Begin PBXContainerItemProxy section */
		38A17FA42654382A00FE2972 /* PBXContainerItemProxy */ = {
			isa = PBXContainerItemProxy;
			containerPortal = 38A17F822654382800FE2972 /* Project object */;
			proxyType = 1;
			remoteGlobalIDString = 38A17F892654382800FE2972;
			remoteInfo = ColeccionDeJuegos2;
		};
		38A17FAF2654382A00FE2972 /* PBXContainerItemProxy */ = {
			isa = PBXContainerItemProxy;
			containerPortal = 38A17F822654382800FE2972 /* Project object */;
			proxyType = 1;
			remoteGlobalIDString = 38A17F892654382800FE2972;
			remoteInfo = ColeccionDeJuegos2;
		};
/* End PBXContainerItemProxy section */

/* Begin PBXFileReference section */
		38A17F8A2654382800FE2972 /* ColeccionDeJuegos2.app */ = {isa = PBXFileReference; explicitFileType = wrapper.application; includeInIndex = 0; path = ColeccionDeJuegos2.app; sourceTree = BUILT_PRODUCTS_DIR; };
		38A17F8D2654382800FE2972 /* AppDelegate.swift */ = {isa = PBXFileReference; lastKnownFileType = sourcecode.swift; path = AppDelegate.swift; sourceTree = "<group>"; };
		38A17F8F2654382800FE2972 /* SceneDelegate.swift */ = {isa = PBXFileReference; lastKnownFileType = sourcecode.swift; path = SceneDelegate.swift; sourceTree = "<group>"; };
		38A17F912654382800FE2972 /* ViewController.swift */ = {isa = PBXFileReference; lastKnownFileType = sourcecode.swift; path = ViewController.swift; sourceTree = "<group>"; };
		38A17F942654382800FE2972 /* Base */ = {isa = PBXFileReference; lastKnownFileType = file.storyboard; name = Base; path = Base.lproj/Main.storyboard; sourceTree = "<group>"; };
		38A17F972654382800FE2972 /* ColeccionDeJuegos2.xcdatamodel */ = {isa = PBXFileReference; lastKnownFileType = wrapper.xcdatamodel; path = ColeccionDeJuegos2.xcdatamodel; sourceTree = "<group>"; };
		38A17F992654382900FE2972 /* Assets.xcassets */ = {isa = PBXFileReference; lastKnownFileType = folder.assetcatalog; path = Assets.xcassets; sourceTree = "<group>"; };
		38A17F9C2654382900FE2972 /* Base */ = {isa = PBXFileReference; lastKnownFileType = file.storyboard; name = Base; path = Base.lproj/LaunchScreen.storyboard; sourceTree = "<group>"; };
		38A17F9E2654382900FE2972 /* Info.plist */ = {isa = PBXFileReference; lastKnownFileType = text.plist.xml; path = Info.plist; sourceTree = "<group>"; };
		38A17FA32654382A00FE2972 /* ColeccionDeJuegos2Tests.xctest */ = {isa = PBXFileReference; explicitFileType = wrapper.cfbundle; includeInIndex = 0; path = ColeccionDeJuegos2Tests.xctest; sourceTree = BUILT_PRODUCTS_DIR; };
		38A17FA72654382A00FE2972 /* ColeccionDeJuegos2Tests.swift */ = {isa = PBXFileReference; lastKnownFileType = sourcecode.swift; path = ColeccionDeJuegos2Tests.swift; sourceTree = "<group>"; };
		38A17FA92654382A00FE2972 /* Info.plist */ = {isa = PBXFileReference; lastKnownFileType = text.plist.xml; path = Info.plist; sourceTree = "<group>"; };
		38A17FAE2654382A00FE2972 /* ColeccionDeJuegos2UITests.xctest */ = {isa = PBXFileReference; explicitFileType = wrapper.cfbundle; includeInIndex = 0; path = ColeccionDeJuegos2UITests.xctest; sourceTree = BUILT_PRODUCTS_DIR; };
		38A17FB22654382A00FE2972 /* ColeccionDeJuegos2UITests.swift */ = {isa = PBXFileReference; lastKnownFileType = sourcecode.swift; path = ColeccionDeJuegos2UITests.swift; sourceTree = "<group>"; };
		38A17FB42654382A00FE2972 /* Info.plist */ = {isa = PBXFileReference; lastKnownFileType = text.plist.xml; path = Info.plist; sourceTree = "<group>"; };
		38E1E46B26544586004F2DB3 /* JuegosViewController.swift */ = {isa = PBXFileReference; lastKnownFileType = sourcecode.swift; path = JuegosViewController.swift; sourceTree = "<group>"; };
/* End PBXFileReference section */

/* Begin PBXFrameworksBuildPhase section */
		38A17F872654382800FE2972 /* Frameworks */ = {
			isa = PBXFrameworksBuildPhase;
			buildActionMask = 2147483647;
			files = (
			);
			runOnlyForDeploymentPostprocessing = 0;
		};
		38A17FA02654382A00FE2972 /* Frameworks */ = {
			isa = PBXFrameworksBuildPhase;
			buildActionMask = 2147483647;
			files = (
			);
			runOnlyForDeploymentPostprocessing = 0;
		};
		38A17FAB2654382A00FE2972 /* Frameworks */ = {
			isa = PBXFrameworksBuildPhase;
			buildActionMask = 2147483647;
			files = (
			);
			runOnlyForDeploymentPostprocessing = 0;
		};
/* End PBXFrameworksBuildPhase section */

/* Begin PBXGroup section */
		38A17F812654382800FE2972 = {
			isa = PBXGroup;
			children = (
				38A17F8C2654382800FE2972 /* ColeccionDeJuegos2 */,
				38A17FA62654382A00FE2972 /* ColeccionDeJuegos2Tests */,
				38A17FB12654382A00FE2972 /* ColeccionDeJuegos2UITests */,
				38A17F8B2654382800FE2972 /* Products */,
			);
			sourceTree = "<group>";
		};
		38A17F8B2654382800FE2972 /* Products */ = {
			isa = PBXGroup;
			children = (
				38A17F8A2654382800FE2972 /* ColeccionDeJuegos2.app */,
				38A17FA32654382A00FE2972 /* ColeccionDeJuegos2Tests.xctest */,
				38A17FAE2654382A00FE2972 /* ColeccionDeJuegos2UITests.xctest */,
			);
			name = Products;
			sourceTree = "<group>";
		};
		38A17F8C2654382800FE2972 /* ColeccionDeJuegos2 */ = {
			isa = PBXGroup;
			children = (
				38A17F8D2654382800FE2972 /* AppDelegate.swift */,
				38A17F8F2654382800FE2972 /* SceneDelegate.swift */,
				38A17F912654382800FE2972 /* ViewController.swift */,
				38A17F932654382800FE2972 /* Main.storyboard */,
				38A17F992654382900FE2972 /* Assets.xcassets */,
				38A17F9B2654382900FE2972 /* LaunchScreen.storyboard */,
				38A17F9E2654382900FE2972 /* Info.plist */,
				38A17F962654382800FE2972 /* ColeccionDeJuegos2.xcdatamodeld */,
				38E1E46B26544586004F2DB3 /* JuegosViewController.swift */,
			);
			path = ColeccionDeJuegos2;
			sourceTree = "<group>";
		};
		38A17FA62654382A00FE2972 /* ColeccionDeJuegos2Tests */ = {
			isa = PBXGroup;
			children = (
				38A17FA72654382A00FE2972 /* ColeccionDeJuegos2Tests.swift */,
				38A17FA92654382A00FE2972 /* Info.plist */,
			);
			path = ColeccionDeJuegos2Tests;
			sourceTree = "<group>";
		};
		38A17FB12654382A00FE2972 /* ColeccionDeJuegos2UITests */ = {
			isa = PBXGroup;
			children = (
				38A17FB22654382A00FE2972 /* ColeccionDeJuegos2UITests.swift */,
				38A17FB42654382A00FE2972 /* Info.plist */,
			);
			path = ColeccionDeJuegos2UITests;
			sourceTree = "<group>";
		};
/* End PBXGroup section */

/* Begin PBXNativeTarget section */
		38A17F892654382800FE2972 /* ColeccionDeJuegos2 */ = {
			isa = PBXNativeTarget;
			buildConfigurationList = 38A17FB72654382A00FE2972 /* Build configuration list for PBXNativeTarget "ColeccionDeJuegos2" */;
			buildPhases = (
				38A17F862654382800FE2972 /* Sources */,
				38A17F872654382800FE2972 /* Frameworks */,
				38A17F882654382800FE2972 /* Resources */,
			);
			buildRules = (
			);
			dependencies = (
			);
			name = ColeccionDeJuegos2;
			productName = ColeccionDeJuegos2;
			productReference = 38A17F8A2654382800FE2972 /* ColeccionDeJuegos2.app */;
			productType = "com.apple.product-type.application";
		};
		38A17FA22654382A00FE2972 /* ColeccionDeJuegos2Tests */ = {
			isa = PBXNativeTarget;
			buildConfigurationList = 38A17FBA2654382A00FE2972 /* Build configuration list for PBXNativeTarget "ColeccionDeJuegos2Tests" */;
			buildPhases = (
				38A17F9F2654382A00FE2972 /* Sources */,
				38A17FA02654382A00FE2972 /* Frameworks */,
				38A17FA12654382A00FE2972 /* Resources */,
			);
			buildRules = (
			);
			dependencies = (
				38A17FA52654382A00FE2972 /* PBXTargetDependency */,
			);
			name = ColeccionDeJuegos2Tests;
			productName = ColeccionDeJuegos2Tests;
			productReference = 38A17FA32654382A00FE2972 /* ColeccionDeJuegos2Tests.xctest */;
			productType = "com.apple.product-type.bundle.unit-test";
		};
		38A17FAD2654382A00FE2972 /* ColeccionDeJuegos2UITests */ = {
			isa = PBXNativeTarget;
			buildConfigurationList = 38A17FBD2654382A00FE2972 /* Build configuration list for PBXNativeTarget "ColeccionDeJuegos2UITests" */;
			buildPhases = (
				38A17FAA2654382A00FE2972 /* Sources */,
				38A17FAB2654382A00FE2972 /* Frameworks */,
				38A17FAC2654382A00FE2972 /* Resources */,
			);
			buildRules = (
			);
			dependencies = (
				38A17FB02654382A00FE2972 /* PBXTargetDependency */,
			);
			name = ColeccionDeJuegos2UITests;
			productName = ColeccionDeJuegos2UITests;
			productReference = 38A17FAE2654382A00FE2972 /* ColeccionDeJuegos2UITests.xctest */;
			productType = "com.apple.product-type.bundle.ui-testing";
		};
/* End PBXNativeTarget section */

/* Begin PBXProject section */
		38A17F822654382800FE2972 /* Project object */ = {
			isa = PBXProject;
			attributes = {
				LastSwiftUpdateCheck = 1130;
				LastUpgradeCheck = 1130;
				ORGANIZATIONNAME = ColeccionDeJuegos2;
				TargetAttributes = {
					38A17F892654382800FE2972 = {
						CreatedOnToolsVersion = 11.3;
					};
					38A17FA22654382A00FE2972 = {
						CreatedOnToolsVersion = 11.3;
						TestTargetID = 38A17F892654382800FE2972;
					};
					38A17FAD2654382A00FE2972 = {
						CreatedOnToolsVersion = 11.3;
						TestTargetID = 38A17F892654382800FE2972;
					};
				};
			};
			buildConfigurationList = 38A17F852654382800FE2972 /* Build configuration list for PBXProject "ColeccionDeJuegos2" */;
			compatibilityVersion = "Xcode 9.3";
			developmentRegion = en;
			hasScannedForEncodings = 0;
			knownRegions = (
				en,
				Base,
			);
			mainGroup = 38A17F812654382800FE2972;
			productRefGroup = 38A17F8B2654382800FE2972 /* Products */;
			projectDirPath = "";
			projectRoot = "";
			targets = (
				38A17F892654382800FE2972 /* ColeccionDeJuegos2 */,
				38A17FA22654382A00FE2972 /* ColeccionDeJuegos2Tests */,
				38A17FAD2654382A00FE2972 /* ColeccionDeJuegos2UITests */,
			);
		};
/* End PBXProject section */

/* Begin PBXResourcesBuildPhase section */
		38A17F882654382800FE2972 /* Resources */ = {
			isa = PBXResourcesBuildPhase;
			buildActionMask = 2147483647;
			files = (
				38A17F9D2654382900FE2972 /* LaunchScreen.storyboard in Resources */,
				38A17F9A2654382900FE2972 /* Assets.xcassets in Resources */,
				38A17F952654382800FE2972 /* Main.storyboard in Resources */,
			);
			runOnlyForDeploymentPostprocessing = 0;
		};
		38A17FA12654382A00FE2972 /* Resources */ = {
			isa = PBXResourcesBuildPhase;
			buildActionMask = 2147483647;
			files = (
			);
			runOnlyForDeploymentPostprocessing = 0;
		};
		38A17FAC2654382A00FE2972 /* Resources */ = {
			isa = PBXResourcesBuildPhase;
			buildActionMask = 2147483647;
			files = (
			);
			runOnlyForDeploymentPostprocessing = 0;
		};
/* End PBXResourcesBuildPhase section */

/* Begin PBXSourcesBuildPhase section */
		38A17F862654382800FE2972 /* Sources */ = {
			isa = PBXSourcesBuildPhase;
			buildActionMask = 2147483647;
			files = (
				38E1E46C26544586004F2DB3 /* JuegosViewController.swift in Sources */,
				38A17F922654382800FE2972 /* ViewController.swift in Sources */,
				38A17F8E2654382800FE2972 /* AppDelegate.swift in Sources */,
				38A17F982654382800FE2972 /* ColeccionDeJuegos2.xcdatamodeld in Sources */,
				38A17F902654382800FE2972 /* SceneDelegate.swift in Sources */,
			);
			runOnlyForDeploymentPostprocessing = 0;
		};
		38A17F9F2654382A00FE2972 /* Sources */ = {
			isa = PBXSourcesBuildPhase;
			buildActionMask = 2147483647;
			files = (
				38A17FA82654382A00FE2972 /* ColeccionDeJuegos2Tests.swift in Sources */,
			);
			runOnlyForDeploymentPostprocessing = 0;
		};
		38A17FAA2654382A00FE2972 /* Sources */ = {
			isa = PBXSourcesBuildPhase;
			buildActionMask = 2147483647;
			files = (
				38A17FB32654382A00FE2972 /* ColeccionDeJuegos2UITests.swift in Sources */,
			);
			runOnlyForDeploymentPostprocessing = 0;
		};
/* End PBXSourcesBuildPhase section */

/* Begin PBXTargetDependency section */
		38A17FA52654382A00FE2972 /* PBXTargetDependency */ = {
			isa = PBXTargetDependency;
			target = 38A17F892654382800FE2972 /* ColeccionDeJuegos2 */;
			targetProxy = 38A17FA42654382A00FE2972 /* PBXContainerItemProxy */;
		};
		38A17FB02654382A00FE2972 /* PBXTargetDependency */ = {
			isa = PBXTargetDependency;
			target = 38A17F892654382800FE2972 /* ColeccionDeJuegos2 */;
			targetProxy = 38A17FAF2654382A00FE2972 /* PBXContainerItemProxy */;
		};
/* End PBXTargetDependency section */

/* Begin PBXVariantGroup section */
		38A17F932654382800FE2972 /* Main.storyboard */ = {
			isa = PBXVariantGroup;
			children = (
				38A17F942654382800FE2972 /* Base */,
			);
			name = Main.storyboard;
			sourceTree = "<group>";
		};
		38A17F9B2654382900FE2972 /* LaunchScreen.storyboard */ = {
			isa = PBXVariantGroup;
			children = (
				38A17F9C2654382900FE2972 /* Base */,
			);
			name = LaunchScreen.storyboard;
			sourceTree = "<group>";
		};
/* End PBXVariantGroup section */

/* Begin XCBuildConfiguration section */
		38A17FB52654382A00FE2972 /* Debug */ = {
			isa = XCBuildConfiguration;
			buildSettings = {
				ALWAYS_SEARCH_USER_PATHS = NO;
				CLANG_ANALYZER_NONNULL = YES;
				CLANG_ANALYZER_NUMBER_OBJECT_CONVERSION = YES_AGGRESSIVE;
				CLANG_CXX_LANGUAGE_STANDARD = "gnu++14";
				CLANG_CXX_LIBRARY = "libc++";
				CLANG_ENABLE_MODULES = YES;
				CLANG_ENABLE_OBJC_ARC = YES;
				CLANG_ENABLE_OBJC_WEAK = YES;
				CLANG_WARN_BLOCK_CAPTURE_AUTORELEASING = YES;
				CLANG_WARN_BOOL_CONVERSION = YES;
				CLANG_WARN_COMMA = YES;
				CLANG_WARN_CONSTANT_CONVERSION = YES;
				CLANG_WARN_DEPRECATED_OBJC_IMPLEMENTATIONS = YES;
				CLANG_WARN_DIRECT_OBJC_ISA_USAGE = YES_ERROR;
				CLANG_WARN_DOCUMENTATION_COMMENTS = YES;
				CLANG_WARN_EMPTY_BODY = YES;
				CLANG_WARN_ENUM_CONVERSION = YES;
				CLANG_WARN_INFINITE_RECURSION = YES;
				CLANG_WARN_INT_CONVERSION = YES;
				CLANG_WARN_NON_LITERAL_NULL_CONVERSION = YES;
				CLANG_WARN_OBJC_IMPLICIT_RETAIN_SELF = YES;
				CLANG_WARN_OBJC_LITERAL_CONVERSION = YES;
				CLANG_WARN_OBJC_ROOT_CLASS = YES_ERROR;
				CLANG_WARN_RANGE_LOOP_ANALYSIS = YES;
				CLANG_WARN_STRICT_PROTOTYPES = YES;
				CLANG_WARN_SUSPICIOUS_MOVE = YES;
				CLANG_WARN_UNGUARDED_AVAILABILITY = YES_AGGRESSIVE;
				CLANG_WARN_UNREACHABLE_CODE = YES;
				CLANG_WARN__DUPLICATE_METHOD_MATCH = YES;
				COPY_PHASE_STRIP = NO;
				DEBUG_INFORMATION_FORMAT = dwarf;
				ENABLE_STRICT_OBJC_MSGSEND = YES;
				ENABLE_TESTABILITY = YES;
				GCC_C_LANGUAGE_STANDARD = gnu11;
				GCC_DYNAMIC_NO_PIC = NO;
				GCC_NO_COMMON_BLOCKS = YES;
				GCC_OPTIMIZATION_LEVEL = 0;
				GCC_PREPROCESSOR_DEFINITIONS = (
					"DEBUG=1",
					"$(inherited)",
				);
				GCC_WARN_64_TO_32_BIT_CONVERSION = YES;
				GCC_WARN_ABOUT_RETURN_TYPE = YES_ERROR;
				GCC_WARN_UNDECLARED_SELECTOR = YES;
				GCC_WARN_UNINITIALIZED_AUTOS = YES_AGGRESSIVE;
				GCC_WARN_UNUSED_FUNCTION = YES;
				GCC_WARN_UNUSED_VARIABLE = YES;
				IPHONEOS_DEPLOYMENT_TARGET = 13.2;
				MTL_ENABLE_DEBUG_INFO = INCLUDE_SOURCE;
				MTL_FAST_MATH = YES;
				ONLY_ACTIVE_ARCH = YES;
				SDKROOT = iphoneos;
				SWIFT_ACTIVE_COMPILATION_CONDITIONS = DEBUG;
				SWIFT_OPTIMIZATION_LEVEL = "-Onone";
			};
			name = Debug;
		};
		38A17FB62654382A00FE2972 /* Release */ = {
			isa = XCBuildConfiguration;
			buildSettings = {
				ALWAYS_SEARCH_USER_PATHS = NO;
				CLANG_ANALYZER_NONNULL = YES;
				CLANG_ANALYZER_NUMBER_OBJECT_CONVERSION = YES_AGGRESSIVE;
				CLANG_CXX_LANGUAGE_STANDARD = "gnu++14";
				CLANG_CXX_LIBRARY = "libc++";
				CLANG_ENABLE_MODULES = YES;
				CLANG_ENABLE_OBJC_ARC = YES;
				CLANG_ENABLE_OBJC_WEAK = YES;
				CLANG_WARN_BLOCK_CAPTURE_AUTORELEASING = YES;
				CLANG_WARN_BOOL_CONVERSION = YES;
				CLANG_WARN_COMMA = YES;
				CLANG_WARN_CONSTANT_CONVERSION = YES;
				CLANG_WARN_DEPRECATED_OBJC_IMPLEMENTATIONS = YES;
				CLANG_WARN_DIRECT_OBJC_ISA_USAGE = YES_ERROR;
				CLANG_WARN_DOCUMENTATION_COMMENTS = YES;
				CLANG_WARN_EMPTY_BODY = YES;
				CLANG_WARN_ENUM_CONVERSION = YES;
				CLANG_WARN_INFINITE_RECURSION = YES;
				CLANG_WARN_INT_CONVERSION = YES;
				CLANG_WARN_NON_LITERAL_NULL_CONVERSION = YES;
				CLANG_WARN_OBJC_IMPLICIT_RETAIN_SELF = YES;
				CLANG_WARN_OBJC_LITERAL_CONVERSION = YES;
				CLANG_WARN_OBJC_ROOT_CLASS = YES_ERROR;
				CLANG_WARN_RANGE_LOOP_ANALYSIS = YES;
				CLANG_WARN_STRICT_PROTOTYPES = YES;
				CLANG_WARN_SUSPICIOUS_MOVE = YES;
				CLANG_WARN_UNGUARDED_AVAILABILITY = YES_AGGRESSIVE;
				CLANG_WARN_UNREACHABLE_CODE = YES;
				CLANG_WARN__DUPLICATE_METHOD_MATCH = YES;
				COPY_PHASE_STRIP = NO;
				DEBUG_INFORMATION_FORMAT = "dwarf-with-dsym";
				ENABLE_NS_ASSERTIONS = NO;
				ENABLE_STRICT_OBJC_MSGSEND = YES;
				GCC_C_LANGUAGE_STANDARD = gnu11;
				GCC_NO_COMMON_BLOCKS = YES;
				GCC_WARN_64_TO_32_BIT_CONVERSION = YES;
				GCC_WARN_ABOUT_RETURN_TYPE = YES_ERROR;
				GCC_WARN_UNDECLARED_SELECTOR = YES;
				GCC_WARN_UNINITIALIZED_AUTOS = YES_AGGRESSIVE;
				GCC_WARN_UNUSED_FUNCTION = YES;
				GCC_WARN_UNUSED_VARIABLE = YES;
				IPHONEOS_DEPLOYMENT_TARGET = 13.2;
				MTL_ENABLE_DEBUG_INFO = NO;
				MTL_FAST_MATH = YES;
				SDKROOT = iphoneos;
				SWIFT_COMPILATION_MODE = wholemodule;
				SWIFT_OPTIMIZATION_LEVEL = "-O";
				VALIDATE_PRODUCT = YES;
			};
			name = Release;
		};
		38A17FB82654382A00FE2972 /* Debug */ = {
			isa = XCBuildConfiguration;
			buildSettings = {
				ASSETCATALOG_COMPILER_APPICON_NAME = AppIcon;
				CODE_SIGN_STYLE = Automatic;
				DEVELOPMENT_TEAM = 2Y2LYHA8SS;
				INFOPLIST_FILE = ColeccionDeJuegos2/Info.plist;
				LD_RUNPATH_SEARCH_PATHS = (
					"$(inherited)",
					"@executable_path/Frameworks",
				);
				PRODUCT_BUNDLE_IDENTIFIER = com.ColeccionDeJuegos2.ColeccionDeJuegos2;
				PRODUCT_NAME = "$(TARGET_NAME)";
				SWIFT_VERSION = 5.0;
				TARGETED_DEVICE_FAMILY = "1,2";
			};
			name = Debug;
		};
		38A17FB92654382A00FE2972 /* Release */ = {
			isa = XCBuildConfiguration;
			buildSettings = {
				ASSETCATALOG_COMPILER_APPICON_NAME = AppIcon;
				CODE_SIGN_STYLE = Automatic;
				DEVELOPMENT_TEAM = 2Y2LYHA8SS;
				INFOPLIST_FILE = ColeccionDeJuegos2/Info.plist;
				LD_RUNPATH_SEARCH_PATHS = (
					"$(inherited)",
					"@executable_path/Frameworks",
				);
				PRODUCT_BUNDLE_IDENTIFIER = com.ColeccionDeJuegos2.ColeccionDeJuegos2;
				PRODUCT_NAME = "$(TARGET_NAME)";
				SWIFT_VERSION = 5.0;
				TARGETED_DEVICE_FAMILY = "1,2";
			};
			name = Release;
		};
		38A17FBB2654382A00FE2972 /* Debug */ = {
			isa = XCBuildConfiguration;
			buildSettings = {
				ALWAYS_EMBED_SWIFT_STANDARD_LIBRARIES = YES;
				BUNDLE_LOADER = "$(TEST_HOST)";
				CODE_SIGN_STYLE = Automatic;
				DEVELOPMENT_TEAM = 2Y2LYHA8SS;
				INFOPLIST_FILE = ColeccionDeJuegos2Tests/Info.plist;
				IPHONEOS_DEPLOYMENT_TARGET = 13.2;
				LD_RUNPATH_SEARCH_PATHS = (
					"$(inherited)",
					"@executable_path/Frameworks",
					"@loader_path/Frameworks",
				);
				PRODUCT_BUNDLE_IDENTIFIER = com.ColeccionDeJuegos2.ColeccionDeJuegos2Tests;
				PRODUCT_NAME = "$(TARGET_NAME)";
				SWIFT_VERSION = 5.0;
				TARGETED_DEVICE_FAMILY = "1,2";
				TEST_HOST = "$(BUILT_PRODUCTS_DIR)/ColeccionDeJuegos2.app/ColeccionDeJuegos2";
			};
			name = Debug;
		};
		38A17FBC2654382A00FE2972 /* Release */ = {
			isa = XCBuildConfiguration;
			buildSettings = {
				ALWAYS_EMBED_SWIFT_STANDARD_LIBRARIES = YES;
				BUNDLE_LOADER = "$(TEST_HOST)";
				CODE_SIGN_STYLE = Automatic;
				DEVELOPMENT_TEAM = 2Y2LYHA8SS;
				INFOPLIST_FILE = ColeccionDeJuegos2Tests/Info.plist;
				IPHONEOS_DEPLOYMENT_TARGET = 13.2;
				LD_RUNPATH_SEARCH_PATHS = (
					"$(inherited)",
					"@executable_path/Frameworks",
					"@loader_path/Frameworks",
				);
				PRODUCT_BUNDLE_IDENTIFIER = com.ColeccionDeJuegos2.ColeccionDeJuegos2Tests;
				PRODUCT_NAME = "$(TARGET_NAME)";
				SWIFT_VERSION = 5.0;
				TARGETED_DEVICE_FAMILY = "1,2";
				TEST_HOST = "$(BUILT_PRODUCTS_DIR)/ColeccionDeJuegos2.app/ColeccionDeJuegos2";
			};
			name = Release;
		};
		38A17FBE2654382A00FE2972 /* Debug */ = {
			isa = XCBuildConfiguration;
			buildSettings = {
				ALWAYS_EMBED_SWIFT_STANDARD_LIBRARIES = YES;
				CODE_SIGN_STYLE = Automatic;
				DEVELOPMENT_TEAM = 2Y2LYHA8SS;
				INFOPLIST_FILE = ColeccionDeJuegos2UITests/Info.plist;
				LD_RUNPATH_SEARCH_PATHS = (
					"$(inherited)",
					"@executable_path/Frameworks",
					"@loader_path/Frameworks",
				);
				PRODUCT_BUNDLE_IDENTIFIER = com.ColeccionDeJuegos2.ColeccionDeJuegos2UITests;
				PRODUCT_NAME = "$(TARGET_NAME)";
				SWIFT_VERSION = 5.0;
				TARGETED_DEVICE_FAMILY = "1,2";
				TEST_TARGET_NAME = ColeccionDeJuegos2;
			};
			name = Debug;
		};
		38A17FBF2654382A00FE2972 /* Release */ = {
			isa = XCBuildConfiguration;
			buildSettings = {
				ALWAYS_EMBED_SWIFT_STANDARD_LIBRARIES = YES;
				CODE_SIGN_STYLE = Automatic;
				DEVELOPMENT_TEAM = 2Y2LYHA8SS;
				INFOPLIST_FILE = ColeccionDeJuegos2UITests/Info.plist;
				LD_RUNPATH_SEARCH_PATHS = (
					"$(inherited)",
					"@executable_path/Frameworks",
					"@loader_path/Frameworks",
				);
				PRODUCT_BUNDLE_IDENTIFIER = com.ColeccionDeJuegos2.ColeccionDeJuegos2UITests;
				PRODUCT_NAME = "$(TARGET_NAME)";
				SWIFT_VERSION = 5.0;
				TARGETED_DEVICE_FAMILY = "1,2";
				TEST_TARGET_NAME = ColeccionDeJuegos2;
			};
			name = Release;
		};
/* End XCBuildConfiguration section */

/* Begin XCConfigurationList section */
		38A17F852654382800FE2972 /* Build configuration list for PBXProject "ColeccionDeJuegos2" */ = {
			isa = XCConfigurationList;
			buildConfigurations = (
				38A17FB52654382A00FE2972 /* Debug */,
				38A17FB62654382A00FE2972 /* Release */,
			);
			defaultConfigurationIsVisible = 0;
			defaultConfigurationName = Release;
		};
		38A17FB72654382A00FE2972 /* Build configuration list for PBXNativeTarget "ColeccionDeJuegos2" */ = {
			isa = XCConfigurationList;
			buildConfigurations = (
				38A17FB82654382A00FE2972 /* Debug */,
				38A17FB92654382A00FE2972 /* Release */,
			);
			defaultConfigurationIsVisible = 0;
			defaultConfigurationName = Release;
		};
		38A17FBA2654382A00FE2972 /* Build configuration list for PBXNativeTarget "ColeccionDeJuegos2Tests" */ = {
			isa = XCConfigurationList;
			buildConfigurations = (
				38A17FBB2654382A00FE2972 /* Debug */,
				38A17FBC2654382A00FE2972 /* Release */,
			);
			defaultConfigurationIsVisible = 0;
			defaultConfigurationName = Release;
		};
		38A17FBD2654382A00FE2972 /* Build configuration list for PBXNativeTarget "ColeccionDeJuegos2UITests" */ = {
			isa = XCConfigurationList;
			buildConfigurations = (
				38A17FBE2654382A00FE2972 /* Debug */,
				38A17FBF2654382A00FE2972 /* Release */,
			);
			defaultConfigurationIsVisible = 0;
			defaultConfigurationName = Release;
		};
/* End XCConfigurationList section */

/* Begin XCVersionGroup section */
		38A17F962654382800FE2972 /* ColeccionDeJuegos2.xcdatamodeld */ = {
			isa = XCVersionGroup;
			children = (
				38A17F972654382800FE2972 /* ColeccionDeJuegos2.xcdatamodel */,
			);
			currentVersion = 38A17F972654382800FE2972 /* ColeccionDeJuegos2.xcdatamodel */;
			path = ColeccionDeJuegos2.xcdatamodeld;
			sourceTree = "<group>";
			versionGroupType = wrapper.xcdatamodel;
		};
/* End XCVersionGroup section */
	};
	rootObject = 38A17F822654382800FE2972 /* Project object */;
}
